
Microsoft Visual Studio Solution File, Format Version 12.00
# Visual Studio Version 17
VisualStudioVersion = 17.4.33205.214
MinimumVisualStudioVersion = 10.0.40219.1
Project("{FAE04EC0-301F-11D3-BF4B-00C04F79EFBC}") = "WinFormsApp4", "WinFormsApp4.csproj", "{98477652-037F-4B72-B1DC-D1D7CC9731CA}"
EndProject
Global
	GlobalSection(SolutionConfigurationPlatforms) = preSolution
		Debug|Any CPU = Debug|Any CPU
		Release|Any CPU = Release|Any CPU
	EndGlobalSection
	GlobalSection(ProjectConfigurationPlatforms) = postSolution
		{98477652-037F-4B72-B1DC-D1D7CC9731CA}.Debug|Any CPU.ActiveCfg = Debug|Any CPU
		{98477652-037F-4B72-B1DC-D1D7CC9731CA}.Debug|Any CPU.Build.0 = Debug|Any CPU
		{98477652-037F-4B72-B1DC-D1D7CC9731CA}.Release|Any CPU.ActiveCfg = Release|Any CPU
		{98477652-037F-4B72-B1DC-D1D7CC9731CA}.Release|Any CPU.Build.0 = Release|Any CPU
	EndGlobalSection
	GlobalSection(SolutionProperties) = preSolution
		HideSolutionNode = FALSE
	EndGlobalSection
	GlobalSection(ExtensibilityGlobals) = postSolution
		SolutionGuid = {5DC7BE33-CCE1-4CEC-ABFF-83B5637DA7CC}
	EndGlobalSection
EndGlobal
